PODS:
  - "NSObject+Rx (5.2.1)":
    - RxSwift (~> 6.0)
  - RxCocoa (6.1.0):
    - RxRelay (= 6.1.0)
    - RxSwift (= 6.1.0)
  - RxRelay (6.1.0):
    - RxSwift (= 6.1.0)
  - RxSwift (6.1.0)
  - SVProgressHUD (2.2.5)

DEPENDENCIES:
  - "NSObject+Rx"
  - RxCocoa
  - RxSwift
  - SVProgressHUD

SPEC REPOS:
  trunk:
    - "NSObject+Rx"
    - RxCocoa
    - RxRelay
    - RxSwift
    - SVProgressHUD

SPEC CHECKSUMS:
  "NSObject+Rx": 49ffbf55ad0bbc29a44547db63a9e33caf0c5d60
  RxCocoa: 5c51f02d562cbd94629f6c26cf0c80fe4ab8d343
  RxRelay: 483e1a19fad961b41f0b0c0bee506f46c1ae14fe
  RxSwift: a834e5c538e89eca0cae86f403f4fbf0336786ce
  SVProgressHUD: 1428aafac632c1f86f62aa4243ec12008d7a51d6

PODFILE CHECKSUM: a2c89763bc40687945d057bcd6c133e66bd2688d

COCOAPODS: 1.10.1
